<?xml version="1.0" encoding="utf-8"?>
<Project ToolsVersion="4.0" xmlns="http://schemas.microsoft.com/developer/msbuild/2003">
  <ItemGroup>
    <Filter Include="源文件">
      <UniqueIdentifier>{4FC737F1-C7A5-4376-A066-2A32D752A2FF}</UniqueIdentifier>
      <Extensions>cpp;c;cc;cxx;def;odl;idl;hpj;bat;asm;asmx</Extensions>
    </Filter>
    <Filter Include="头文件">
      <UniqueIdentifier>{93995380-89BD-4b04-88EB-625FBE52EBFB}</UniqueIdentifier>
      <Extensions>h;hh;hpp;hxx;hm;inl;inc;xsd</Extensions>
    </Filter>
    <Filter Include="源文件\blake3">
      <UniqueIdentifier>{1019BC08-0100-4069-A050-63824637C2D9}</UniqueIdentifier>
    </Filter>
    <Filter Include="资源文件">
      <UniqueIdentifier>{67DA6AB6-F800-4c08-8B7A-83BB121AAD01}</UniqueIdentifier>
      <Extensions>rc;ico;cur;bmp;dlg;rc2;rct;bin;rgs;gif;jpg;jpeg;jpe;resx;tiff;tif;png;wav;mfcribbon-ms</Extensions>
    </Filter>
  </ItemGroup>
  <ItemGroup>
    <ClCompile Include="blake3_hasher_size.c">
      <Filter>源文件</Filter>
    </ClCompile>
    <ClCompile Include="cipher_get_size_ex.c">
      <Filter>源文件</Filter>
    </ClCompile>
    <ClCompile Include="hkdf.c">
      <Filter>源文件</Filter>
    </ClCompile>
  </ItemGroup>
  <ItemGroup>
    <ClCompile Include="..\blake3\c\blake3.c">
      <Filter>源文件\blake3</Filter>
    </ClCompile>
    <ClCompile Include="..\blake3\c\blake3_dispatch.c">
      <Filter>源文件\blake3</Filter>
    </ClCompile>
    <ClCompile Include="..\blake3\c\blake3_portable.c">
      <Filter>源文件\blake3</Filter>
    </ClCompile>
    <ClCompile Include="..\blake3\c\blake3_sse2.c">
      <Filter>源文件\blake3</Filter>
    </ClCompile>
    <ClCompile Include="..\blake3\c\blake3_sse41.c">
      <Filter>源文件\blake3</Filter>
    </ClCompile>
    <ClCompile Include="..\blake3\c\blake3_avx2.c">
      <Filter>源文件\blake3</Filter>
    </ClCompile>
    <ClCompile Include="..\blake3\c\blake3_avx512.c">
      <Filter>源文件\blake3</Filter>
    </ClCompile>
  </ItemGroup>
  <ItemGroup>
    <MASM Include="..\blake3\c\blake3_sse2_x86-64_windows_msvc.asm">
      <Filter>源文件\blake3</Filter>
    </MASM>
    <MASM Include="..\blake3\c\blake3_sse41_x86-64_windows_msvc.asm">
      <Filter>源文件\blake3</Filter>
    </MASM>
    <MASM Include="..\blake3\c\blake3_avx2_x86-64_windows_msvc.asm">
      <Filter>源文件\blake3</Filter>
    </MASM>
    <MASM Include="..\blake3\c\blake3_avx512_x86-64_windows_msvc.asm">
      <Filter>源文件\blake3</Filter>
    </MASM>
  </ItemGroup>
  <ItemGroup>
    <None Include="libsscrypto.def">
      <Filter>源文件</Filter>
    </None>
  </ItemGroup>
  <ItemGroup>
    <ClInclude Include="..\blake3\c\blake3.h">
      <Filter>源文件\blake3</Filter>
    </ClInclude>
    <ClInclude Include="..\mbedtls\include\mbedtls\md.h">
      <Filter>头文件</Filter>
    </ClInclude>
    <ClInclude Include="..\mbedtls\include\mbedtls\cipher.h">
      <Filter>头文件</Filter>
    </ClInclude>
  </ItemGroup>
</Project>